// !$*UTF8*$!
{
	archiveVersion = 1;
	classes = {
	};
	objectVersion = 46;
	objects = {

/* Begin PBXBuildFile section */
		145E8E5A1BFC022100307881 /* ContactCell.m in Sources */ = {isa = PBXBuildFile; fileRef = CDE68D081BF0DC6F00A388DF /* ContactCell.m */; };
		145E8E5B1BFC022100307881 /* UIColor+Utils.m in Sources */ = {isa = PBXBuildFile; fileRef = CDE68D031BF0D64100A388DF /* UIColor+Utils.m */; };
		145E8E5C1BFC022100307881 /* AppDelegate.m in Sources */ = {isa = PBXBuildFile; fileRef = CDE68CDC1BF0CF3E00A388DF /* AppDelegate.m */; };
		145E8E5D1BFC022100307881 /* ContactsListViewController.m in Sources */ = {isa = PBXBuildFile; fileRef = CDE68CDF1BF0CF3E00A388DF /* ContactsListViewController.m */; };
		145E8E5E1BFC022100307881 /* EditContactDetailsViewController.m in Sources */ = {isa = PBXBuildFile; fileRef = CDAF42051BF1EB09008D6FC4 /* EditContactDetailsViewController.m */; };
		145E8E5F1BFC022100307881 /* Contact.m in Sources */ = {isa = PBXBuildFile; fileRef = CDE68D0D1BF0E1A200A388DF /* Contact.m */; };
		145E8E601BFC022100307881 /* main.m in Sources */ = {isa = PBXBuildFile; fileRef = CDE68CD91BF0CF3E00A388DF /* main.m */; };
		145E8E611BFC022100307881 /* ContactDetailsViewController.m in Sources */ = {isa = PBXBuildFile; fileRef = CDE68CE21BF0CF3E00A388DF /* ContactDetailsViewController.m */; };
		145E8E641BFC022100307881 /* Main.storyboard in Resources */ = {isa = PBXBuildFile; fileRef = CDE68CE41BF0CF3E00A388DF /* Main.storyboard */; };
		145E8E651BFC022100307881 /* LaunchScreen.xib in Resources */ = {isa = PBXBuildFile; fileRef = CDE68CE91BF0CF3E00A388DF /* LaunchScreen.xib */; };
		145E8E661BFC022100307881 /* Images.xcassets in Resources */ = {isa = PBXBuildFile; fileRef = CDE68CE71BF0CF3E00A388DF /* Images.xcassets */; };
		145E8E6D1BFC03FF00307881 /* CFNetwork.framework in Frameworks */ = {isa = PBXBuildFile; fileRef = 145E8E6C1BFC03FF00307881 /* CFNetwork.framework */; };
		145E8E701BFC047100307881 /* calabash.framework in Frameworks */ = {isa = PBXBuildFile; fileRef = 145E8E6E1BFC046500307881 /* calabash.framework */; };
		14C9494A1BFCB0DC007904B2 /* AddContactsTests.m in Sources */ = {isa = PBXBuildFile; fileRef = 14C949491BFCB0DC007904B2 /* AddContactsTests.m */; };
		14C9494C1BFCB0ED007904B2 /* RemoveContactTests.m in Sources */ = {isa = PBXBuildFile; fileRef = 14C9494B1BFCB0ED007904B2 /* RemoveContactTests.m */; };
		14C9494E1BFCB101007904B2 /* UpdateContactTests.m in Sources */ = {isa = PBXBuildFile; fileRef = 14C9494D1BFCB101007904B2 /* UpdateContactTests.m */; };
		CDAF42061BF1EB09008D6FC4 /* EditContactDetailsViewController.m in Sources */ = {isa = PBXBuildFile; fileRef = CDAF42051BF1EB09008D6FC4 /* EditContactDetailsViewController.m */; };
		CDE68CDA1BF0CF3E00A388DF /* main.m in Sources */ = {isa = PBXBuildFile; fileRef = CDE68CD91BF0CF3E00A388DF /* main.m */; };
		CDE68CDD1BF0CF3E00A388DF /* AppDelegate.m in Sources */ = {isa = PBXBuildFile; fileRef = CDE68CDC1BF0CF3E00A388DF /* AppDelegate.m */; };
		CDE68CE01BF0CF3E00A388DF /* ContactsListViewController.m in Sources */ = {isa = PBXBuildFile; fileRef = CDE68CDF1BF0CF3E00A388DF /* ContactsListViewController.m */; };
		CDE68CE31BF0CF3E00A388DF /* ContactDetailsViewController.m in Sources */ = {isa = PBXBuildFile; fileRef = CDE68CE21BF0CF3E00A388DF /* ContactDetailsViewController.m */; };
		CDE68CE61BF0CF3E00A388DF /* Main.storyboard in Resources */ = {isa = PBXBuildFile; fileRef = CDE68CE41BF0CF3E00A388DF /* Main.storyboard */; };
		CDE68CE81BF0CF3E00A388DF /* Images.xcassets in Resources */ = {isa = PBXBuildFile; fileRef = CDE68CE71BF0CF3E00A388DF /* Images.xcassets */; };
		CDE68CEB1BF0CF3E00A388DF /* LaunchScreen.xib in Resources */ = {isa = PBXBuildFile; fileRef = CDE68CE91BF0CF3E00A388DF /* LaunchScreen.xib */; };
		CDE68D041BF0D64100A388DF /* UIColor+Utils.m in Sources */ = {isa = PBXBuildFile; fileRef = CDE68D031BF0D64100A388DF /* UIColor+Utils.m */; };
		CDE68D091BF0DC6F00A388DF /* ContactCell.m in Sources */ = {isa = PBXBuildFile; fileRef = CDE68D081BF0DC6F00A388DF /* ContactCell.m */; };
		CDE68D0E1BF0E1A200A388DF /* Contact.m in Sources */ = {isa = PBXBuildFile; fileRef = CDE68D0D1BF0E1A200A388DF /* Contact.m */; };
/* End PBXBuildFile section */

/* Begin PBXContainerItemProxy section */
		14C949441BFCB08D007904B2 /* PBXContainerItemProxy */ = {
			isa = PBXContainerItemProxy;
			containerPortal = CDE68CCC1BF0CF3E00A388DF /* Project object */;
			proxyType = 1;
			remoteGlobalIDString = CDE68CD31BF0CF3E00A388DF;
			remoteInfo = Contacts;
		};
/* End PBXContainerItemProxy section */

/* Begin PBXFileReference section */
		145E8E6A1BFC022100307881 /* Contacts-cal.app */ = {isa = PBXFileReference; explicitFileType = wrapper.application; includeInIndex = 0; path = "Contacts-cal.app"; sourceTree = BUILT_PRODUCTS_DIR; };
		145E8E6C1BFC03FF00307881 /* CFNetwork.framework */ = {isa = PBXFileReference; lastKnownFileType = wrapper.framework; name = CFNetwork.framework; path = System/Library/Frameworks/CFNetwork.framework; sourceTree = SDKROOT; };
		145E8E6E1BFC046500307881 /* calabash.framework */ = {isa = PBXFileReference; lastKnownFileType = wrapper.framework; name = calabash.framework; path = ../calabash/calabash.framework; sourceTree = "<group>"; };
		14C9493F1BFCB08D007904B2 /* ContactsUITests.xctest */ = {isa = PBXFileReference; explicitFileType = wrapper.cfbundle; includeInIndex = 0; path = ContactsUITests.xctest; sourceTree = BUILT_PRODUCTS_DIR; };
		14C949431BFCB08D007904B2 /* Info.plist */ = {isa = PBXFileReference; lastKnownFileType = text.plist.xml; path = Info.plist; sourceTree = "<group>"; };
		14C949491BFCB0DC007904B2 /* AddContactsTests.m */ = {isa = PBXFileReference; fileEncoding = 4; lastKnownFileType = sourcecode.c.objc; path = AddContactsTests.m; sourceTree = "<group>"; };
		14C9494B1BFCB0ED007904B2 /* RemoveContactTests.m */ = {isa = PBXFileReference; fileEncoding = 4; lastKnownFileType = sourcecode.c.objc; path = RemoveContactTests.m; sourceTree = "<group>"; };
		14C9494D1BFCB101007904B2 /* UpdateContactTests.m */ = {isa = PBXFileReference; fileEncoding = 4; lastKnownFileType = sourcecode.c.objc; path = UpdateContactTests.m; sourceTree = "<group>"; };
		CDAF42041BF1EB09008D6FC4 /* EditContactDetailsViewController.h */ = {isa = PBXFileReference; fileEncoding = 4; lastKnownFileType = sourcecode.c.h; path = EditContactDetailsViewController.h; sourceTree = "<group>"; };
		CDAF42051BF1EB09008D6FC4 /* EditContactDetailsViewController.m */ = {isa = PBXFileReference; fileEncoding = 4; lastKnownFileType = sourcecode.c.objc; path = EditContactDetailsViewController.m; sourceTree = "<group>"; };
		CDE68CD41BF0CF3E00A388DF /* Contacts-test.app */ = {isa = PBXFileReference; explicitFileType = wrapper.application; includeInIndex = 0; path = "Contacts-test.app"; sourceTree = BUILT_PRODUCTS_DIR; };
		CDE68CD81BF0CF3E00A388DF /* Info.plist */ = {isa = PBXFileReference; lastKnownFileType = text.plist.xml; path = Info.plist; sourceTree = "<group>"; };
		CDE68CD91BF0CF3E00A388DF /* main.m */ = {isa = PBXFileReference; lastKnownFileType = sourcecode.c.objc; path = main.m; sourceTree = "<group>"; };
		CDE68CDB1BF0CF3E00A388DF /* AppDelegate.h */ = {isa = PBXFileReference; lastKnownFileType = sourcecode.c.h; path = AppDelegate.h; sourceTree = "<group>"; };
		CDE68CDC1BF0CF3E00A388DF /* AppDelegate.m */ = {isa = PBXFileReference; lastKnownFileType = sourcecode.c.objc; path = AppDelegate.m; sourceTree = "<group>"; };
		CDE68CDE1BF0CF3E00A388DF /* ContactsListViewController.h */ = {isa = PBXFileReference; lastKnownFileType = sourcecode.c.h; path = ContactsListViewController.h; sourceTree = "<group>"; };
		CDE68CDF1BF0CF3E00A388DF /* ContactsListViewController.m */ = {isa = PBXFileReference; lastKnownFileType = sourcecode.c.objc; path = ContactsListViewController.m; sourceTree = "<group>"; };
		CDE68CE11BF0CF3E00A388DF /* ContactDetailsViewController.h */ = {isa = PBXFileReference; lastKnownFileType = sourcecode.c.h; path = ContactDetailsViewController.h; sourceTree = "<group>"; };
		CDE68CE21BF0CF3E00A388DF /* ContactDetailsViewController.m */ = {isa = PBXFileReference; lastKnownFileType = sourcecode.c.objc; path = ContactDetailsViewController.m; sourceTree = "<group>"; };
		CDE68CE51BF0CF3E00A388DF /* Base */ = {isa = PBXFileReference; lastKnownFileType = file.storyboard; name = Base; path = Base.lproj/Main.storyboard; sourceTree = "<group>"; };
		CDE68CE71BF0CF3E00A388DF /* Images.xcassets */ = {isa = PBXFileReference; lastKnownFileType = folder.assetcatalog; path = Images.xcassets; sourceTree = "<group>"; };
		CDE68CEA1BF0CF3E00A388DF /* Base */ = {isa = PBXFileReference; lastKnownFileType = file.xib; name = Base; path = Base.lproj/LaunchScreen.xib; sourceTree = "<group>"; };
		CDE68D021BF0D64100A388DF /* UIColor+Utils.h */ = {isa = PBXFileReference; fileEncoding = 4; lastKnownFileType = sourcecode.c.h; path = "UIColor+Utils.h"; sourceTree = "<group>"; };
		CDE68D031BF0D64100A388DF /* UIColor+Utils.m */ = {isa = PBXFileReference; fileEncoding = 4; lastKnownFileType = sourcecode.c.objc; path = "UIColor+Utils.m"; sourceTree = "<group>"; };
		CDE68D071BF0DC6F00A388DF /* ContactCell.h */ = {isa = PBXFileReference; fileEncoding = 4; lastKnownFileType = sourcecode.c.h; path = ContactCell.h; sourceTree = "<group>"; };
		CDE68D081BF0DC6F00A388DF /* ContactCell.m */ = {isa = PBXFileReference; fileEncoding = 4; lastKnownFileType = sourcecode.c.objc; path = ContactCell.m; sourceTree = "<group>"; };
		CDE68D0C1BF0E1A200A388DF /* Contact.h */ = {isa = PBXFileReference; fileEncoding = 4; lastKnownFileType = sourcecode.c.h; path = Contact.h; sourceTree = "<group>"; };
		CDE68D0D1BF0E1A200A388DF /* Contact.m */ = {isa = PBXFileReference; fileEncoding = 4; lastKnownFileType = sourcecode.c.objc; path = Contact.m; sourceTree = "<group>"; };
/* End PBXFileReference section */

/* Begin PBXFrameworksBuildPhase section */
		145E8E621BFC022100307881 /* Frameworks */ = {
			isa = PBXFrameworksBuildPhase;
			buildActionMask = 2147483647;
			files = (
				145E8E6D1BFC03FF00307881 /* CFNetwork.framework in Frameworks */,
				145E8E701BFC047100307881 /* calabash.framework in Frameworks */,
			);
			runOnlyForDeploymentPostprocessing = 0;
		};
		14C9493C1BFCB08D007904B2 /* Frameworks */ = {
			isa = PBXFrameworksBuildPhase;
			buildActionMask = 2147483647;
			files = (
			);
			runOnlyForDeploymentPostprocessing = 0;
		};
		CDE68CD11BF0CF3E00A388DF /* Frameworks */ = {
			isa = PBXFrameworksBuildPhase;
			buildActionMask = 2147483647;
			files = (
			);
			runOnlyForDeploymentPostprocessing = 0;
		};
/* End PBXFrameworksBuildPhase section */

/* Begin PBXGroup section */
		14C949401BFCB08D007904B2 /* ContactsUITests */ = {
			isa = PBXGroup;
			children = (
				14C9494F1BFCB10C007904B2 /* Specs */,
				14C949431BFCB08D007904B2 /* Info.plist */,
			);
			path = ContactsUITests;
			sourceTree = "<group>";
		};
		14C9494F1BFCB10C007904B2 /* Specs */ = {
			isa = PBXGroup;
			children = (
				14C949491BFCB0DC007904B2 /* AddContactsTests.m */,
				14C9494B1BFCB0ED007904B2 /* RemoveContactTests.m */,
				14C9494D1BFCB101007904B2 /* UpdateContactTests.m */,
			);
			name = Specs;
			sourceTree = "<group>";
		};
		CDE68CCB1BF0CF3E00A388DF = {
			isa = PBXGroup;
			children = (
				CDE68CD61BF0CF3E00A388DF /* Contacts */,
				14C949401BFCB08D007904B2 /* ContactsUITests */,
				CDE68CD51BF0CF3E00A388DF /* Products */,
			);
			sourceTree = "<group>";
		};
		CDE68CD51BF0CF3E00A388DF /* Products */ = {
			isa = PBXGroup;
			children = (
				CDE68CD41BF0CF3E00A388DF /* Contacts-test.app */,
				145E8E6A1BFC022100307881 /* Contacts-cal.app */,
				14C9493F1BFCB08D007904B2 /* ContactsUITests.xctest */,
			);
			name = Products;
			sourceTree = "<group>";
		};
		CDE68CD61BF0CF3E00A388DF /* Contacts */ = {
			isa = PBXGroup;
			children = (
				CDE68D011BF0D5E000A388DF /* Categories */,
				CDE68D001BF0D52600A388DF /* Classes */,
				CDE68CE41BF0CF3E00A388DF /* Main.storyboard */,
				CDE68CE71BF0CF3E00A388DF /* Images.xcassets */,
				CDE68CE91BF0CF3E00A388DF /* LaunchScreen.xib */,
				CDE68CD71BF0CF3E00A388DF /* Supporting Files */,
			);
			path = Contacts;
			sourceTree = "<group>";
		};
		CDE68CD71BF0CF3E00A388DF /* Supporting Files */ = {
			isa = PBXGroup;
			children = (
				145E8E6E1BFC046500307881 /* calabash.framework */,
				145E8E6C1BFC03FF00307881 /* CFNetwork.framework */,
				CDE68CD81BF0CF3E00A388DF /* Info.plist */,
				CDE68CD91BF0CF3E00A388DF /* main.m */,
			);
			name = "Supporting Files";
			sourceTree = "<group>";
		};
		CDE68D001BF0D52600A388DF /* Classes */ = {
			isa = PBXGroup;
			children = (
				CDE68D0F1BF0E1A600A388DF /* Models */,
				CDE68D0A1BF0DC7900A388DF /* Views */,
				CDE68D0B1BF0DC8400A388DF /* Controllers */,
				CDE68CDB1BF0CF3E00A388DF /* AppDelegate.h */,
				CDE68CDC1BF0CF3E00A388DF /* AppDelegate.m */,
			);
			name = Classes;
			sourceTree = "<group>";
		};
		CDE68D011BF0D5E000A388DF /* Categories */ = {
			isa = PBXGroup;
			children = (
				CDE68D021BF0D64100A388DF /* UIColor+Utils.h */,
				CDE68D031BF0D64100A388DF /* UIColor+Utils.m */,
			);
			name = Categories;
			sourceTree = "<group>";
		};
		CDE68D0A1BF0DC7900A388DF /* Views */ = {
			isa = PBXGroup;
			children = (
				CDE68D071BF0DC6F00A388DF /* ContactCell.h */,
				CDE68D081BF0DC6F00A388DF /* ContactCell.m */,
			);
			name = Views;
			sourceTree = "<group>";
		};
		CDE68D0B1BF0DC8400A388DF /* Controllers */ = {
			isa = PBXGroup;
			children = (
				CDE68CDE1BF0CF3E00A388DF /* ContactsListViewController.h */,
				CDE68CDF1BF0CF3E00A388DF /* ContactsListViewController.m */,
				CDE68CE11BF0CF3E00A388DF /* ContactDetailsViewController.h */,
				CDE68CE21BF0CF3E00A388DF /* ContactDetailsViewController.m */,
				CDAF42041BF1EB09008D6FC4 /* EditContactDetailsViewController.h */,
				CDAF42051BF1EB09008D6FC4 /* EditContactDetailsViewController.m */,
			);
			name = Controllers;
			sourceTree = "<group>";
		};
		CDE68D0F1BF0E1A600A388DF /* Models */ = {
			isa = PBXGroup;
			children = (
				CDE68D0C1BF0E1A200A388DF /* Contact.h */,
				CDE68D0D1BF0E1A200A388DF /* Contact.m */,
			);
			name = Models;
			sourceTree = "<group>";
		};
/* End PBXGroup section */

/* Begin PBXNativeTarget section */
		145E8E581BFC022100307881 /* Contacts-cal */ = {
			isa = PBXNativeTarget;
			buildConfigurationList = 145E8E671BFC022100307881 /* Build configuration list for PBXNativeTarget "Contacts-cal" */;
			buildPhases = (
				145E8E591BFC022100307881 /* Sources */,
				145E8E621BFC022100307881 /* Frameworks */,
				145E8E631BFC022100307881 /* Resources */,
			);
			buildRules = (
			);
			dependencies = (
			);
			name = "Contacts-cal";
			productName = Contacts;
			productReference = 145E8E6A1BFC022100307881 /* Contacts-cal.app */;
			productType = "com.apple.product-type.application";
		};
		14C9493E1BFCB08D007904B2 /* ContactsUITests */ = {
			isa = PBXNativeTarget;
			buildConfigurationList = 14C949481BFCB08D007904B2 /* Build configuration list for PBXNativeTarget "ContactsUITests" */;
			buildPhases = (
				14C9493B1BFCB08D007904B2 /* Sources */,
				14C9493C1BFCB08D007904B2 /* Frameworks */,
				14C9493D1BFCB08D007904B2 /* Resources */,
			);
			buildRules = (
			);
			dependencies = (
				14C949451BFCB08D007904B2 /* PBXTargetDependency */,
			);
			name = ContactsUITests;
			productName = ContactsUITests;
			productReference = 14C9493F1BFCB08D007904B2 /* ContactsUITests.xctest */;
			productType = "com.apple.product-type.bundle.ui-testing";
		};
		CDE68CD31BF0CF3E00A388DF /* Contacts */ = {
			isa = PBXNativeTarget;
			buildConfigurationList = CDE68CFA1BF0CF3E00A388DF /* Build configuration list for PBXNativeTarget "Contacts" */;
			buildPhases = (
				CDE68CD01BF0CF3E00A388DF /* Sources */,
				CDE68CD11BF0CF3E00A388DF /* Frameworks */,
				CDE68CD21BF0CF3E00A388DF /* Resources */,
			);
			buildRules = (
			);
			dependencies = (
			);
			name = Contacts;
			productName = Contacts;
			productReference = CDE68CD41BF0CF3E00A388DF /* Contacts-test.app */;
			productType = "com.apple.product-type.application";
		};
/* End PBXNativeTarget section */

/* Begin PBXProject section */
		CDE68CCC1BF0CF3E00A388DF /* Project object */ = {
			isa = PBXProject;
			attributes = {
				LastUpgradeCheck = 0710;
				ORGANIZATIONNAME = alexmx;
				TargetAttributes = {
					14C9493E1BFCB08D007904B2 = {
						CreatedOnToolsVersion = 7.1.1;
						TestTargetID = CDE68CD31BF0CF3E00A388DF;
					};
					CDE68CD31BF0CF3E00A388DF = {
						CreatedOnToolsVersion = 6.4;
					};
				};
			};
			buildConfigurationList = CDE68CCF1BF0CF3E00A388DF /* Build configuration list for PBXProject "Contacts" */;
			compatibilityVersion = "Xcode 3.2";
			developmentRegion = English;
			hasScannedForEncodings = 0;
			knownRegions = (
				en,
				Base,
			);
			mainGroup = CDE68CCB1BF0CF3E00A388DF;
			productRefGroup = CDE68CD51BF0CF3E00A388DF /* Products */;
			projectDirPath = "";
			projectRoot = "";
			targets = (
				CDE68CD31BF0CF3E00A388DF /* Contacts */,
				145E8E581BFC022100307881 /* Contacts-cal */,
				14C9493E1BFCB08D007904B2 /* ContactsUITests */,
			);
		};
/* End PBXProject section */

/* Begin PBXResourcesBuildPhase section */
		145E8E631BFC022100307881 /* Resources */ = {
			isa = PBXResourcesBuildPhase;
			buildActionMask = 2147483647;
			files = (
				145E8E641BFC022100307881 /* Main.storyboard in Resources */,
				145E8E651BFC022100307881 /* LaunchScreen.xib in Resources */,
				145E8E661BFC022100307881 /* Images.xcassets in Resources */,
			);
			runOnlyForDeploymentPostprocessing = 0;
		};
		14C9493D1BFCB08D007904B2 /* Resources */ = {
			isa = PBXResourcesBuildPhase;
			buildActionMask = 2147483647;
			files = (
			);
			runOnlyForDeploymentPostprocessing = 0;
		};
		CDE68CD21BF0CF3E00A388DF /* Resources */ = {
			isa = PBXResourcesBuildPhase;
			buildActionMask = 2147483647;
			files = (
				CDE68CE61BF0CF3E00A388DF /* Main.storyboard in Resources */,
				CDE68CEB1BF0CF3E00A388DF /* LaunchScreen.xib in Resources */,
				CDE68CE81BF0CF3E00A388DF /* Images.xcassets in Resources */,
			);
			runOnlyForDeploymentPostprocessing = 0;
		};
/* End PBXResourcesBuildPhase section */

/* Begin PBXSourcesBuildPhase section */
		145E8E591BFC022100307881 /* Sources */ = {
			isa = PBXSourcesBuildPhase;
			buildActionMask = 2147483647;
			files = (
				145E8E5A1BFC022100307881 /* ContactCell.m in Sources */,
				145E8E5B1BFC022100307881 /* UIColor+Utils.m in Sources */,
				145E8E5C1BFC022100307881 /* AppDelegate.m in Sources */,
				145E8E5D1BFC022100307881 /* ContactsListViewController.m in Sources */,
				145E8E5E1BFC022100307881 /* EditContactDetailsViewController.m in Sources */,
				145E8E5F1BFC022100307881 /* Contact.m in Sources */,
				145E8E601BFC022100307881 /* main.m in Sources */,
				145E8E611BFC022100307881 /* ContactDetailsViewController.m in Sources */,
			);
			runOnlyForDeploymentPostprocessing = 0;
		};
		14C9493B1BFCB08D007904B2 /* Sources */ = {
			isa = PBXSourcesBuildPhase;
			buildActionMask = 2147483647;
			files = (
				14C9494A1BFCB0DC007904B2 /* AddContactsTests.m in Sources */,
				14C9494E1BFCB101007904B2 /* UpdateContactTests.m in Sources */,
				14C9494C1BFCB0ED007904B2 /* RemoveContactTests.m in Sources */,
			);
			runOnlyForDeploymentPostprocessing = 0;
		};
		CDE68CD01BF0CF3E00A388DF /* Sources */ = {
			isa = PBXSourcesBuildPhase;
			buildActionMask = 2147483647;
			files = (
				CDE68D091BF0DC6F00A388DF /* ContactCell.m in Sources */,
				CDE68D041BF0D64100A388DF /* UIColor+Utils.m in Sources */,
				CDE68CDD1BF0CF3E00A388DF /* AppDelegate.m in Sources */,
				CDE68CE01BF0CF3E00A388DF /* ContactsListViewController.m in Sources */,
				CDAF42061BF1EB09008D6FC4 /* EditContactDetailsViewController.m in Sources */,
				CDE68D0E1BF0E1A200A388DF /* Contact.m in Sources */,
				CDE68CDA1BF0CF3E00A388DF /* main.m in Sources */,
				CDE68CE31BF0CF3E00A388DF /* ContactDetailsViewController.m in Sources */,
			);
			runOnlyForDeploymentPostprocessing = 0;
		};
/* End PBXSourcesBuildPhase section */

/* Begin PBXTargetDependency section */
		14C949451BFCB08D007904B2 /* PBXTargetDependency */ = {
			isa = PBXTargetDependency;
			target = CDE68CD31BF0CF3E00A388DF /* Contacts */;
			targetProxy = 14C949441BFCB08D007904B2 /* PBXContainerItemProxy */;
		};
/* End PBXTargetDependency section */

/* Begin PBXVariantGroup section */
		CDE68CE41BF0CF3E00A388DF /* Main.storyboard */ = {
			isa = PBXVariantGroup;
			children = (
				CDE68CE51BF0CF3E00A388DF /* Base */,
			);
			name = Main.storyboard;
			sourceTree = "<group>";
		};
		CDE68CE91BF0CF3E00A388DF /* LaunchScreen.xib */ = {
			isa = PBXVariantGroup;
			children = (
				CDE68CEA1BF0CF3E00A388DF /* Base */,
			);
			name = LaunchScreen.xib;
			sourceTree = "<group>";
		};
/* End PBXVariantGroup section */

/* Begin XCBuildConfiguration section */
		145E8E681BFC022100307881 /* Debug */ = {
			isa = XCBuildConfiguration;
			buildSettings = {
				ASSETCATALOG_COMPILER_APPICON_NAME = AppIcon;
				"CODE_SIGN_IDENTITY[sdk=iphoneos*]" = "iPhone Developer";
				FRAMEWORK_SEARCH_PATHS = (
					"$(inherited)",
					"$(PROJECT_DIR)/calabash",
				);
				INFOPLIST_FILE = Contacts/Info.plist;
				LD_RUNPATH_SEARCH_PATHS = "$(inherited) @executable_path/Frameworks";
				OTHER_LDFLAGS = (
					"$(inherited)",
					"-ObjC",
					"-force_load",
					"\"$(SOURCE_ROOT)/calabash/calabash.framework/calabash\"",
				);
				PRODUCT_BUNDLE_IDENTIFIER = "com.alexmx.$(PRODUCT_NAME:rfc1034identifier)";
				PRODUCT_NAME = "$(TARGET_NAME)";
			};
			name = Debug;
		};
		145E8E691BFC022100307881 /* Release */ = {
			isa = XCBuildConfiguration;
			buildSettings = {
				ASSETCATALOG_COMPILER_APPICON_NAME = AppIcon;
				"CODE_SIGN_IDENTITY[sdk=iphoneos*]" = "iPhone Developer";
				FRAMEWORK_SEARCH_PATHS = (
					"$(inherited)",
					"$(PROJECT_DIR)/calabash",
				);
				INFOPLIST_FILE = Contacts/Info.plist;
				LD_RUNPATH_SEARCH_PATHS = "$(inherited) @executable_path/Frameworks";
				OTHER_LDFLAGS = (
					"$(inherited)",
					"-ObjC",
					"-force_load",
					"\"$(SOURCE_ROOT)/calabash/calabash.framework/calabash\"",
				);
				PRODUCT_BUNDLE_IDENTIFIER = "com.alexmx.$(PRODUCT_NAME:rfc1034identifier)";
				PRODUCT_NAME = "$(TARGET_NAME)";
			};
			name = Release;
		};
		14C949461BFCB08D007904B2 /* Debug */ = {
			isa = XCBuildConfiguration;
			buildSettings = {
				DEBUG_INFORMATION_FORMAT = dwarf;
				INFOPLIST_FILE = ContactsUITests/Info.plist;
				IPHONEOS_DEPLOYMENT_TARGET = 9.1;
				LD_RUNPATH_SEARCH_PATHS = "$(inherited) @executable_path/Frameworks @loader_path/Frameworks";
				PRODUCT_BUNDLE_IDENTIFIER = com.alexmx.ContactsUITests;
				PRODUCT_NAME = "$(TARGET_NAME)";
				TEST_TARGET_NAME = Contacts;
				USES_XCTRUNNER = YES;
			};
			name = Debug;
		};
		14C949471BFCB08D007904B2 /* Release */ = {
			isa = XCBuildConfiguration;
			buildSettings = {
				INFOPLIST_FILE = ContactsUITests/Info.plist;
				IPHONEOS_DEPLOYMENT_TARGET = 9.1;
				LD_RUNPATH_SEARCH_PATHS = "$(inherited) @executable_path/Frameworks @loader_path/Frameworks";
				PRODUCT_BUNDLE_IDENTIFIER = com.alexmx.ContactsUITests;
				PRODUCT_NAME = "$(TARGET_NAME)";
				TEST_TARGET_NAME = Contacts;
				USES_XCTRUNNER = YES;
			};
			name = Release;
		};
		CDE68CF81BF0CF3E00A388DF /* Debug */ = {
			isa = XCBuildConfiguration;
			buildSettings = {
				ALWAYS_SEARCH_USER_PATHS = NO;
				CLANG_CXX_LANGUAGE_STANDARD = "gnu++0x";
				CLANG_CXX_LIBRARY = "libc++";
				CLANG_ENABLE_MODULES = YES;
				CLANG_ENABLE_OBJC_ARC = YES;
				CLANG_WARN_BOOL_CONVERSION = YES;
				CLANG_WARN_CONSTANT_CONVERSION = YES;
				CLANG_WARN_DIRECT_OBJC_ISA_USAGE = YES_ERROR;
				CLANG_WARN_EMPTY_BODY = YES;
				CLANG_WARN_ENUM_CONVERSION = YES;
				CLANG_WARN_INT_CONVERSION = YES;
				CLANG_WARN_OBJC_ROOT_CLASS = YES_ERROR;
				CLANG_WARN_UNREACHABLE_CODE = YES;
				CLANG_WARN__DUPLICATE_METHOD_MATCH = YES;
				"CODE_SIGN_IDENTITY[sdk=iphoneos*]" = "iPhone Developer";
				COPY_PHASE_STRIP = NO;
				DEBUG_INFORMATION_FORMAT = "dwarf-with-dsym";
				ENABLE_STRICT_OBJC_MSGSEND = YES;
				ENABLE_TESTABILITY = YES;
				GCC_C_LANGUAGE_STANDARD = gnu99;
				GCC_DYNAMIC_NO_PIC = NO;
				GCC_NO_COMMON_BLOCKS = YES;
				GCC_OPTIMIZATION_LEVEL = 0;
				GCC_PREPROCESSOR_DEFINITIONS = (
					"DEBUG=1",
					"$(inherited)",
				);
				GCC_SYMBOLS_PRIVATE_EXTERN = NO;
				GCC_WARN_64_TO_32_BIT_CONVERSION = YES;
				GCC_WARN_ABOUT_RETURN_TYPE = YES_ERROR;
				GCC_WARN_UNDECLARED_SELECTOR = YES;
				GCC_WARN_UNINITIALIZED_AUTOS = YES_AGGRESSIVE;
				GCC_WARN_UNUSED_FUNCTION = YES;
				GCC_WARN_UNUSED_VARIABLE = YES;
				IPHONEOS_DEPLOYMENT_TARGET = 8.4;
				MTL_ENABLE_DEBUG_INFO = YES;
				ONLY_ACTIVE_ARCH = YES;
				SDKROOT = iphoneos;
			};
			name = Debug;
		};
		CDE68CF91BF0CF3E00A388DF /* Release */ = {
			isa = XCBuildConfiguration;
			buildSettings = {
				ALWAYS_SEARCH_USER_PATHS = NO;
				CLANG_CXX_LANGUAGE_STANDARD = "gnu++0x";
				CLANG_CXX_LIBRARY = "libc++";
				CLANG_ENABLE_MODULES = YES;
				CLANG_ENABLE_OBJC_ARC = YES;
				CLANG_WARN_BOOL_CONVERSION = YES;
				CLANG_WARN_CONSTANT_CONVERSION = YES;
				CLANG_WARN_DIRECT_OBJC_ISA_USAGE = YES_ERROR;
				CLANG_WARN_EMPTY_BODY = YES;
				CLANG_WARN_ENUM_CONVERSION = YES;
				CLANG_WARN_INT_CONVERSION = YES;
				CLANG_WARN_OBJC_ROOT_CLASS = YES_ERROR;
				CLANG_WARN_UNREACHABLE_CODE = YES;
				CLANG_WARN__DUPLICATE_METHOD_MATCH = YES;
				"CODE_SIGN_IDENTITY[sdk=iphoneos*]" = "iPhone Developer";
				COPY_PHASE_STRIP = NO;
				DEBUG_INFORMATION_FORMAT = "dwarf-with-dsym";
				ENABLE_NS_ASSERTIONS = NO;
				ENABLE_STRICT_OBJC_MSGSEND = YES;
				GCC_C_LANGUAGE_STANDARD = gnu99;
				GCC_NO_COMMON_BLOCKS = YES;
				GCC_WARN_64_TO_32_BIT_CONVERSION = YES;
				GCC_WARN_ABOUT_RETURN_TYPE = YES_ERROR;
				GCC_WARN_UNDECLARED_SELECTOR = YES;
				GCC_WARN_UNINITIALIZED_AUTOS = YES_AGGRESSIVE;
				GCC_WARN_UNUSED_FUNCTION = YES;
				GCC_WARN_UNUSED_VARIABLE = YES;
				IPHONEOS_DEPLOYMENT_TARGET = 8.4;
				MTL_ENABLE_DEBUG_INFO = NO;
				SDKROOT = iphoneos;
				VALIDATE_PRODUCT = YES;
			};
			name = Release;
		};
		CDE68CFB1BF0CF3E00A388DF /* Debug */ = {
			isa = XCBuildConfiguration;
			buildSettings = {
				ASSETCATALOG_COMPILER_APPICON_NAME = AppIcon;
				"CODE_SIGN_IDENTITY[sdk=iphoneos*]" = "iPhone Developer";
				FRAMEWORK_SEARCH_PATHS = (
					"$(inherited)",
					"$(PROJECT_DIR)/calabash",
				);
				INFOPLIST_FILE = Contacts/Info.plist;
				LD_RUNPATH_SEARCH_PATHS = "$(inherited) @executable_path/Frameworks";
				PRODUCT_BUNDLE_IDENTIFIER = "com.alexmx.$(PRODUCT_NAME:rfc1034identifier)";
				PRODUCT_NAME = "$(TARGET_NAME)-test";
			};
			name = Debug;
		};
		CDE68CFC1BF0CF3E00A388DF /* Release */ = {
			isa = XCBuildConfiguration;
			buildSettings = {
				ASSETCATALOG_COMPILER_APPICON_NAME = AppIcon;
				"CODE_SIGN_IDENTITY[sdk=iphoneos*]" = "iPhone Developer";
				FRAMEWORK_SEARCH_PATHS = (
					"$(inherited)",
					"$(PROJECT_DIR)/calabash",
				);
				INFOPLIST_FILE = Contacts/Info.plist;
				LD_RUNPATH_SEARCH_PATHS = "$(inherited) @executable_path/Frameworks";
				PRODUCT_BUNDLE_IDENTIFIER = "com.alexmx.$(PRODUCT_NAME:rfc1034identifier)";
				PRODUCT_NAME = "$(TARGET_NAME)-test";
			};
			name = Release;
		};
/* End XCBuildConfiguration section */

/* Begin XCConfigurationList section */
		145E8E671BFC022100307881 /* Build configuration list for PBXNativeTarget "Contacts-cal" */ = {
			isa = XCConfigurationList;
			buildConfigurations = (
				145E8E681BFC022100307881 /* Debug */,
				145E8E691BFC022100307881 /* Release */,
			);
			defaultConfigurationIsVisible = 0;
			defaultConfigurationName = Release;
		};
		14C949481BFCB08D007904B2 /* Build configuration list for PBXNativeTarget "ContactsUITests" */ = {
			isa = XCConfigurationList;
			buildConfigurations = (
				14C949461BFCB08D007904B2 /* Debug */,
				14C949471BFCB08D007904B2 /* Release */,
			);
			defaultConfigurationIsVisible = 0;
		};
		CDE68CCF1BF0CF3E00A388DF /* Build configuration list for PBXProject "Contacts" */ = {
			isa = XCConfigurationList;
			buildConfigurations = (
				CDE68CF81BF0CF3E00A388DF /* Debug */,
				CDE68CF91BF0CF3E00A388DF /* Release */,
			);
			defaultConfigurationIsVisible = 0;
			defaultConfigurationName = Release;
		};
		CDE68CFA1BF0CF3E00A388DF /* Build configuration list for PBXNativeTarget "Contacts" */ = {
			isa = XCConfigurationList;
			buildConfigurations = (
				CDE68CFB1BF0CF3E00A388DF /* Debug */,
				CDE68CFC1BF0CF3E00A388DF /* Release */,
			);
			defaultConfigurationIsVisible = 0;
			defaultConfigurationName = Release;
		};
/* End XCConfigurationList section */
	};
	rootObject = CDE68CCC1BF0CF3E00A388DF /* Project object */;
}
